
Microsoft Visual Studio Solution File, Format Version 12.00
# Visual Studio Version 17
VisualStudioVersion = 17.14.36221.1
MinimumVisualStudioVersion = 10.0.40219.1
Project("{2150E333-8FDC-42A3-9474-1A3956D46DE8}") = "src", "src", "{7ACFDFDA-A67A-499B-A062-7C416E3BEAFF}"
EndProject
Project("{2150E333-8FDC-42A3-9474-1A3956D46DE8}") = "tests", "tests", "{5FD7965E-4840-4EE2-A6B9-7A75431A2FF1}"
EndProject
Project("{FAE04EC0-301F-11D3-BF4B-00C04F79EFBC}") = "ValiCraft", "src\ValiCraft\ValiCraft.csproj", "{B07448C2-4ED1-42DB-BA45-4B9F105E63EB}"
EndProject
Project("{FAE04EC0-301F-11D3-BF4B-00C04F79EFBC}") = "ValiCraft.Generator", "src\ValiCraft.Generator\ValiCraft.Generator.csproj", "{367DDF48-618C-4636-B21A-A9A57CCC6EAF}"
EndProject
Project("{FAE04EC0-301F-11D3-BF4B-00C04F79EFBC}") = "ValiCraft.Generator.Tests", "tests\ValiCraft.Generator.Tests\ValiCraft.Generator.Tests.csproj", "{68FDB4A2-A7F9-4BAE-B465-B2258D7AF827}"
EndProject
Project("{FAE04EC0-301F-11D3-BF4B-00C04F79EFBC}") = "ValiCraft.Tests", "tests\ValiCraft.Tests\ValiCraft.Tests.csproj", "{1B1B2DB9-5850-4736-8935-15E293F12199}"
EndProject
Project("{2150E333-8FDC-42A3-9474-1A3956D46DE8}") = "benchmarks", "benchmarks", "{7CE68C45-E56F-4B64-AB1A-B826BA5255DD}"
EndProject
Project("{FAE04EC0-301F-11D3-BF4B-00C04F79EFBC}") = "ValiCraft.Benchmarks", "benchmarks\ValiCraft.Benchmarks\ValiCraft.Benchmarks.csproj", "{3DE4B612-1032-4F0E-8E6E-798780608C98}"
EndProject
Project("{FAE04EC0-301F-11D3-BF4B-00C04F79EFBC}") = "ValiCraft.IntegrationTests", "tests\ValiCraft.IntegrationTests\ValiCraft.IntegrationTests.csproj", "{104BEF92-64B0-4B04-B3C9-9E54DE61ECAA}"
EndProject
Global
	GlobalSection(SolutionConfigurationPlatforms) = preSolution
		Debug|Any CPU = Debug|Any CPU
		Debug|x64 = Debug|x64
		Debug|x86 = Debug|x86
		Release|Any CPU = Release|Any CPU
		Release|x64 = Release|x64
		Release|x86 = Release|x86
	EndGlobalSection
	GlobalSection(ProjectConfigurationPlatforms) = postSolution
		{B07448C2-4ED1-42DB-BA45-4B9F105E63EB}.Debug|Any CPU.ActiveCfg = Debug|Any CPU
		{B07448C2-4ED1-42DB-BA45-4B9F105E63EB}.Debug|Any CPU.Build.0 = Debug|Any CPU
		{B07448C2-4ED1-42DB-BA45-4B9F105E63EB}.Debug|x64.ActiveCfg = Debug|Any CPU
		{B07448C2-4ED1-42DB-BA45-4B9F105E63EB}.Debug|x64.Build.0 = Debug|Any CPU
		{B07448C2-4ED1-42DB-BA45-4B9F105E63EB}.Debug|x86.ActiveCfg = Debug|Any CPU
		{B07448C2-4ED1-42DB-BA45-4B9F105E63EB}.Debug|x86.Build.0 = Debug|Any CPU
		{B07448C2-4ED1-42DB-BA45-4B9F105E63EB}.Release|Any CPU.ActiveCfg = Release|Any CPU
		{B07448C2-4ED1-42DB-BA45-4B9F105E63EB}.Release|Any CPU.Build.0 = Release|Any CPU
		{B07448C2-4ED1-42DB-BA45-4B9F105E63EB}.Release|x64.ActiveCfg = Release|Any CPU
		{B07448C2-4ED1-42DB-BA45-4B9F105E63EB}.Release|x64.Build.0 = Release|Any CPU
		{B07448C2-4ED1-42DB-BA45-4B9F105E63EB}.Release|x86.ActiveCfg = Release|Any CPU
		{B07448C2-4ED1-42DB-BA45-4B9F105E63EB}.Release|x86.Build.0 = Release|Any CPU
		{367DDF48-618C-4636-B21A-A9A57CCC6EAF}.Debug|Any CPU.ActiveCfg = Debug|Any CPU
		{367DDF48-618C-4636-B21A-A9A57CCC6EAF}.Debug|Any CPU.Build.0 = Debug|Any CPU
		{367DDF48-618C-4636-B21A-A9A57CCC6EAF}.Debug|x64.ActiveCfg = Debug|Any CPU
		{367DDF48-618C-4636-B21A-A9A57CCC6EAF}.Debug|x64.Build.0 = Debug|Any CPU
		{367DDF48-618C-4636-B21A-A9A57CCC6EAF}.Debug|x86.ActiveCfg = Debug|Any CPU
		{367DDF48-618C-4636-B21A-A9A57CCC6EAF}.Debug|x86.Build.0 = Debug|Any CPU
		{367DDF48-618C-4636-B21A-A9A57CCC6EAF}.Release|Any CPU.ActiveCfg = Release|Any CPU
		{367DDF48-618C-4636-B21A-A9A57CCC6EAF}.Release|Any CPU.Build.0 = Release|Any CPU
		{367DDF48-618C-4636-B21A-A9A57CCC6EAF}.Release|x64.ActiveCfg = Release|Any CPU
		{367DDF48-618C-4636-B21A-A9A57CCC6EAF}.Release|x64.Build.0 = Release|Any CPU
		{367DDF48-618C-4636-B21A-A9A57CCC6EAF}.Release|x86.ActiveCfg = Release|Any CPU
		{367DDF48-618C-4636-B21A-A9A57CCC6EAF}.Release|x86.Build.0 = Release|Any CPU
		{68FDB4A2-A7F9-4BAE-B465-B2258D7AF827}.Debug|Any CPU.ActiveCfg = Debug|Any CPU
		{68FDB4A2-A7F9-4BAE-B465-B2258D7AF827}.Debug|Any CPU.Build.0 = Debug|Any CPU
		{68FDB4A2-A7F9-4BAE-B465-B2258D7AF827}.Debug|x64.ActiveCfg = Debug|Any CPU
		{68FDB4A2-A7F9-4BAE-B465-B2258D7AF827}.Debug|x64.Build.0 = Debug|Any CPU
		{68FDB4A2-A7F9-4BAE-B465-B2258D7AF827}.Debug|x86.ActiveCfg = Debug|Any CPU
		{68FDB4A2-A7F9-4BAE-B465-B2258D7AF827}.Debug|x86.Build.0 = Debug|Any CPU
		{68FDB4A2-A7F9-4BAE-B465-B2258D7AF827}.Release|Any CPU.ActiveCfg = Release|Any CPU
		{68FDB4A2-A7F9-4BAE-B465-B2258D7AF827}.Release|Any CPU.Build.0 = Release|Any CPU
		{68FDB4A2-A7F9-4BAE-B465-B2258D7AF827}.Release|x64.ActiveCfg = Release|Any CPU
		{68FDB4A2-A7F9-4BAE-B465-B2258D7AF827}.Release|x64.Build.0 = Release|Any CPU
		{68FDB4A2-A7F9-4BAE-B465-B2258D7AF827}.Release|x86.ActiveCfg = Release|Any CPU
		{68FDB4A2-A7F9-4BAE-B465-B2258D7AF827}.Release|x86.Build.0 = Release|Any CPU
		{1B1B2DB9-5850-4736-8935-15E293F12199}.Debug|Any CPU.ActiveCfg = Debug|Any CPU
		{1B1B2DB9-5850-4736-8935-15E293F12199}.Debug|Any CPU.Build.0 = Debug|Any CPU
		{1B1B2DB9-5850-4736-8935-15E293F12199}.Debug|x64.ActiveCfg = Debug|Any CPU
		{1B1B2DB9-5850-4736-8935-15E293F12199}.Debug|x64.Build.0 = Debug|Any CPU
		{1B1B2DB9-5850-4736-8935-15E293F12199}.Debug|x86.ActiveCfg = Debug|Any CPU
		{1B1B2DB9-5850-4736-8935-15E293F12199}.Debug|x86.Build.0 = Debug|Any CPU
		{1B1B2DB9-5850-4736-8935-15E293F12199}.Release|Any CPU.ActiveCfg = Release|Any CPU
		{1B1B2DB9-5850-4736-8935-15E293F12199}.Release|Any CPU.Build.0 = Release|Any CPU
		{1B1B2DB9-5850-4736-8935-15E293F12199}.Release|x64.ActiveCfg = Release|Any CPU
		{1B1B2DB9-5850-4736-8935-15E293F12199}.Release|x64.Build.0 = Release|Any CPU
		{1B1B2DB9-5850-4736-8935-15E293F12199}.Release|x86.ActiveCfg = Release|Any CPU
		{1B1B2DB9-5850-4736-8935-15E293F12199}.Release|x86.Build.0 = Release|Any CPU
		{3DE4B612-1032-4F0E-8E6E-798780608C98}.Debug|Any CPU.ActiveCfg = Debug|Any CPU
		{3DE4B612-1032-4F0E-8E6E-798780608C98}.Debug|Any CPU.Build.0 = Debug|Any CPU
		{3DE4B612-1032-4F0E-8E6E-798780608C98}.Debug|x64.ActiveCfg = Debug|Any CPU
		{3DE4B612-1032-4F0E-8E6E-798780608C98}.Debug|x64.Build.0 = Debug|Any CPU
		{3DE4B612-1032-4F0E-8E6E-798780608C98}.Debug|x86.ActiveCfg = Debug|Any CPU
		{3DE4B612-1032-4F0E-8E6E-798780608C98}.Debug|x86.Build.0 = Debug|Any CPU
		{3DE4B612-1032-4F0E-8E6E-798780608C98}.Release|Any CPU.ActiveCfg = Release|Any CPU
		{3DE4B612-1032-4F0E-8E6E-798780608C98}.Release|Any CPU.Build.0 = Release|Any CPU
		{3DE4B612-1032-4F0E-8E6E-798780608C98}.Release|x64.ActiveCfg = Release|Any CPU
		{3DE4B612-1032-4F0E-8E6E-798780608C98}.Release|x64.Build.0 = Release|Any CPU
		{3DE4B612-1032-4F0E-8E6E-798780608C98}.Release|x86.ActiveCfg = Release|Any CPU
		{3DE4B612-1032-4F0E-8E6E-798780608C98}.Release|x86.Build.0 = Release|Any CPU
		{104BEF92-64B0-4B04-B3C9-9E54DE61ECAA}.Debug|Any CPU.ActiveCfg = Debug|Any CPU
		{104BEF92-64B0-4B04-B3C9-9E54DE61ECAA}.Debug|Any CPU.Build.0 = Debug|Any CPU
		{104BEF92-64B0-4B04-B3C9-9E54DE61ECAA}.Debug|x64.ActiveCfg = Debug|Any CPU
		{104BEF92-64B0-4B04-B3C9-9E54DE61ECAA}.Debug|x64.Build.0 = Debug|Any CPU
		{104BEF92-64B0-4B04-B3C9-9E54DE61ECAA}.Debug|x86.ActiveCfg = Debug|Any CPU
		{104BEF92-64B0-4B04-B3C9-9E54DE61ECAA}.Debug|x86.Build.0 = Debug|Any CPU
		{104BEF92-64B0-4B04-B3C9-9E54DE61ECAA}.Release|Any CPU.ActiveCfg = Release|Any CPU
		{104BEF92-64B0-4B04-B3C9-9E54DE61ECAA}.Release|Any CPU.Build.0 = Release|Any CPU
		{104BEF92-64B0-4B04-B3C9-9E54DE61ECAA}.Release|x64.ActiveCfg = Release|Any CPU
		{104BEF92-64B0-4B04-B3C9-9E54DE61ECAA}.Release|x64.Build.0 = Release|Any CPU
		{104BEF92-64B0-4B04-B3C9-9E54DE61ECAA}.Release|x86.ActiveCfg = Release|Any CPU
		{104BEF92-64B0-4B04-B3C9-9E54DE61ECAA}.Release|x86.Build.0 = Release|Any CPU
	EndGlobalSection
	GlobalSection(SolutionProperties) = preSolution
		HideSolutionNode = FALSE
	EndGlobalSection
	GlobalSection(NestedProjects) = preSolution
		{B07448C2-4ED1-42DB-BA45-4B9F105E63EB} = {7ACFDFDA-A67A-499B-A062-7C416E3BEAFF}
		{367DDF48-618C-4636-B21A-A9A57CCC6EAF} = {7ACFDFDA-A67A-499B-A062-7C416E3BEAFF}
		{68FDB4A2-A7F9-4BAE-B465-B2258D7AF827} = {5FD7965E-4840-4EE2-A6B9-7A75431A2FF1}
		{1B1B2DB9-5850-4736-8935-15E293F12199} = {5FD7965E-4840-4EE2-A6B9-7A75431A2FF1}
		{3DE4B612-1032-4F0E-8E6E-798780608C98} = {7CE68C45-E56F-4B64-AB1A-B826BA5255DD}
		{104BEF92-64B0-4B04-B3C9-9E54DE61ECAA} = {5FD7965E-4840-4EE2-A6B9-7A75431A2FF1}
	EndGlobalSection
	GlobalSection(ExtensibilityGlobals) = postSolution
		SolutionGuid = {9067EB3C-FC28-40ED-B943-6720270A63E3}
	EndGlobalSection
EndGlobal
